// !$*UTF8*$!
{
	archiveVersion = 1;
	classes = {
	};
	objectVersion = 46;
	objects = {

/* Begin PBXBuildFile section */
		673236D71E85277D00BE0B1C /* ErrorAlert.swift in Sources */ = {isa = PBXBuildFile; fileRef = 673236D61E85277D00BE0B1C /* ErrorAlert.swift */; };
		673236DA1E85323C00BE0B1C /* LoadingProgress.swift in Sources */ = {isa = PBXBuildFile; fileRef = 673236D91E85323C00BE0B1C /* LoadingProgress.swift */; };
		673236DC1E853C2A00BE0B1C /* AuthorizeViewController.swift in Sources */ = {isa = PBXBuildFile; fileRef = 673236DB1E853C2A00BE0B1C /* AuthorizeViewController.swift */; };
		673236DF1E85431200BE0B1C /* AdSupport.framework in Frameworks */ = {isa = PBXBuildFile; fileRef = 673236DE1E85431200BE0B1C /* AdSupport.framework */; };
		673236E11E85552500BE0B1C /* VideoViewController.swift in Sources */ = {isa = PBXBuildFile; fileRef = 673236E01E85552500BE0B1C /* VideoViewController.swift */; };
		673EB76C1E84DA6800C907B2 /* AppDelegate.swift in Sources */ = {isa = PBXBuildFile; fileRef = 673EB76B1E84DA6800C907B2 /* AppDelegate.swift */; };
		673EB76E1E84DA6800C907B2 /* ViewController.swift in Sources */ = {isa = PBXBuildFile; fileRef = 673EB76D1E84DA6800C907B2 /* ViewController.swift */; };
		673EB7711E84DA6800C907B2 /* Main.storyboard in Resources */ = {isa = PBXBuildFile; fileRef = 673EB76F1E84DA6800C907B2 /* Main.storyboard */; };
		673EB7731E84DA6800C907B2 /* Assets.xcassets in Resources */ = {isa = PBXBuildFile; fileRef = 673EB7721E84DA6800C907B2 /* Assets.xcassets */; };
		673EB7761E84DA6800C907B2 /* LaunchScreen.storyboard in Resources */ = {isa = PBXBuildFile; fileRef = 673EB7741E84DA6800C907B2 /* LaunchScreen.storyboard */; };
		673EB77E1E84DA9A00C907B2 /* GoogleService-Info.plist in Resources */ = {isa = PBXBuildFile; fileRef = 673EB77D1E84DA9A00C907B2 /* GoogleService-Info.plist */; };
		673EB7801E8508E500C907B2 /* Database.swift in Sources */ = {isa = PBXBuildFile; fileRef = 673EB77F1E8508E500C907B2 /* Database.swift */; };
		673EB7821E85118F00C907B2 /* Firebase.swift in Sources */ = {isa = PBXBuildFile; fileRef = 673EB7811E85118F00C907B2 /* Firebase.swift */; };
		673EB7851E85194400C907B2 /* SignUpViewController.swift in Sources */ = {isa = PBXBuildFile; fileRef = 673EB7841E85194400C907B2 /* SignUpViewController.swift */; };
		673EB7871E85196300C907B2 /* LoginViewController.swift in Sources */ = {isa = PBXBuildFile; fileRef = 673EB7861E85196300C907B2 /* LoginViewController.swift */; };
		673EB7891E851B3700C907B2 /* User.swift in Sources */ = {isa = PBXBuildFile; fileRef = 673EB7881E851B3700C907B2 /* User.swift */; };
		AAE85B363A979CA5398B02F4 /* Pods_WatchGetPay.framework in Frameworks */ = {isa = PBXBuildFile; fileRef = 3A94939D1957D09E1D96939A /* Pods_WatchGetPay.framework */; };
/* End PBXBuildFile section */

/* Begin PBXFileReference section */
		1AC730035BFA2916A39D079C /* Pods-WatchGetPay.debug.xcconfig */ = {isa = PBXFileReference; includeInIndex = 1; lastKnownFileType = text.xcconfig; name = "Pods-WatchGetPay.debug.xcconfig"; path = "Pods/Target Support Files/Pods-WatchGetPay/Pods-WatchGetPay.debug.xcconfig"; sourceTree = "<group>"; };
		3A94939D1957D09E1D96939A /* Pods_WatchGetPay.framework */ = {isa = PBXFileReference; explicitFileType = wrapper.framework; includeInIndex = 0; path = Pods_WatchGetPay.framework; sourceTree = BUILT_PRODUCTS_DIR; };
		673236D61E85277D00BE0B1C /* ErrorAlert.swift */ = {isa = PBXFileReference; fileEncoding = 4; lastKnownFileType = sourcecode.swift; path = ErrorAlert.swift; sourceTree = "<group>"; };
		673236D91E85323C00BE0B1C /* LoadingProgress.swift */ = {isa = PBXFileReference; fileEncoding = 4; lastKnownFileType = sourcecode.swift; path = LoadingProgress.swift; sourceTree = "<group>"; };
		673236DB1E853C2A00BE0B1C /* AuthorizeViewController.swift */ = {isa = PBXFileReference; fileEncoding = 4; lastKnownFileType = sourcecode.swift; path = AuthorizeViewController.swift; sourceTree = "<group>"; };
		673236DE1E85431200BE0B1C /* AdSupport.framework */ = {isa = PBXFileReference; lastKnownFileType = wrapper.framework; name = AdSupport.framework; path = System/Library/Frameworks/AdSupport.framework; sourceTree = SDKROOT; };
		673236E01E85552500BE0B1C /* VideoViewController.swift */ = {isa = PBXFileReference; fileEncoding = 4; lastKnownFileType = sourcecode.swift; path = VideoViewController.swift; sourceTree = "<group>"; };
		673EB7681E84DA6800C907B2 /* WatchGetPay.app */ = {isa = PBXFileReference; explicitFileType = wrapper.application; includeInIndex = 0; path = WatchGetPay.app; sourceTree = BUILT_PRODUCTS_DIR; };
		673EB76B1E84DA6800C907B2 /* AppDelegate.swift */ = {isa = PBXFileReference; lastKnownFileType = sourcecode.swift; path = AppDelegate.swift; sourceTree = "<group>"; };
		673EB76D1E84DA6800C907B2 /* ViewController.swift */ = {isa = PBXFileReference; lastKnownFileType = sourcecode.swift; path = ViewController.swift; sourceTree = "<group>"; };
		673EB7701E84DA6800C907B2 /* Base */ = {isa = PBXFileReference; lastKnownFileType = file.storyboard; name = Base; path = Base.lproj/Main.storyboard; sourceTree = "<group>"; };
		673EB7721E84DA6800C907B2 /* Assets.xcassets */ = {isa = PBXFileReference; lastKnownFileType = folder.assetcatalog; path = Assets.xcassets; sourceTree = "<group>"; };
		673EB7751E84DA6800C907B2 /* Base */ = {isa = PBXFileReference; lastKnownFileType = file.storyboard; name = Base; path = Base.lproj/LaunchScreen.storyboard; sourceTree = "<group>"; };
		673EB7771E84DA6800C907B2 /* Info.plist */ = {isa = PBXFileReference; lastKnownFileType = text.plist.xml; path = Info.plist; sourceTree = "<group>"; };
		673EB77D1E84DA9A00C907B2 /* GoogleService-Info.plist */ = {isa = PBXFileReference; fileEncoding = 4; lastKnownFileType = text.plist.xml; path = "GoogleService-Info.plist"; sourceTree = "<group>"; };
		673EB77F1E8508E500C907B2 /* Database.swift */ = {isa = PBXFileReference; fileEncoding = 4; lastKnownFileType = sourcecode.swift; path = Database.swift; sourceTree = "<group>"; };
		673EB7811E85118F00C907B2 /* Firebase.swift */ = {isa = PBXFileReference; fileEncoding = 4; lastKnownFileType = sourcecode.swift; path = Firebase.swift; sourceTree = "<group>"; };
		673EB7841E85194400C907B2 /* SignUpViewController.swift */ = {isa = PBXFileReference; fileEncoding = 4; lastKnownFileType = sourcecode.swift; path = SignUpViewController.swift; sourceTree = "<group>"; };
		673EB7861E85196300C907B2 /* LoginViewController.swift */ = {isa = PBXFileReference; fileEncoding = 4; lastKnownFileType = sourcecode.swift; path = LoginViewController.swift; sourceTree = "<group>"; };
		673EB7881E851B3700C907B2 /* User.swift */ = {isa = PBXFileReference; fileEncoding = 4; lastKnownFileType = sourcecode.swift; path = User.swift; sourceTree = "<group>"; };
		D92FA3C23CE55D21544236F1 /* Pods-WatchGetPay.release.xcconfig */ = {isa = PBXFileReference; includeInIndex = 1; lastKnownFileType = text.xcconfig; name = "Pods-WatchGetPay.release.xcconfig"; path = "Pods/Target Support Files/Pods-WatchGetPay/Pods-WatchGetPay.release.xcconfig"; sourceTree = "<group>"; };
/* End PBXFileReference section */

/* Begin PBXFrameworksBuildPhase section */
		673EB7651E84DA6800C907B2 /* Frameworks */ = {
			isa = PBXFrameworksBuildPhase;
			buildActionMask = 2147483647;
			files = (
				673236DF1E85431200BE0B1C /* AdSupport.framework in Frameworks */,
				AAE85B363A979CA5398B02F4 /* Pods_WatchGetPay.framework in Frameworks */,
			);
			runOnlyForDeploymentPostprocessing = 0;
		};
/* End PBXFrameworksBuildPhase section */

/* Begin PBXGroup section */
		673236D81E85292E00BE0B1C /* Model */ = {
			isa = PBXGroup;
			children = (
				673EB7881E851B3700C907B2 /* User.swift */,
				673236D91E85323C00BE0B1C /* LoadingProgress.swift */,
				673236D61E85277D00BE0B1C /* ErrorAlert.swift */,
			);
			name = Model;
			sourceTree = "<group>";
		};
		673236DD1E853DF100BE0B1C /* Account */ = {
			isa = PBXGroup;
			children = (
				673236DB1E853C2A00BE0B1C /* AuthorizeViewController.swift */,
				673EB7861E85196300C907B2 /* LoginViewController.swift */,
				673EB7841E85194400C907B2 /* SignUpViewController.swift */,
			);
			name = Account;
			sourceTree = "<group>";
		};
		673EB75F1E84DA6800C907B2 = {
			isa = PBXGroup;
			children = (
				673EB76A1E84DA6800C907B2 /* WatchGetPay */,
				673EB7691E84DA6800C907B2 /* Products */,
				71CB884B47593D9B5696DA58 /* Pods */,
				B19E2481FE2567D7815E78E5 /* Frameworks */,
			);
			sourceTree = "<group>";
		};
		673EB7691E84DA6800C907B2 /* Products */ = {
			isa = PBXGroup;
			children = (
				673EB7681E84DA6800C907B2 /* WatchGetPay.app */,
			);
			name = Products;
			sourceTree = "<group>";
		};
		673EB76A1E84DA6800C907B2 /* WatchGetPay */ = {
			isa = PBXGroup;
			children = (
				673EB7831E85190C00C907B2 /* Database */,
				673236D81E85292E00BE0B1C /* Model */,
				673236DD1E853DF100BE0B1C /* Account */,
				673EB76B1E84DA6800C907B2 /* AppDelegate.swift */,
				673EB76D1E84DA6800C907B2 /* ViewController.swift */,
				673EB76F1E84DA6800C907B2 /* Main.storyboard */,
				673236E01E85552500BE0B1C /* VideoViewController.swift */,
				673EB7721E84DA6800C907B2 /* Assets.xcassets */,
				673EB7741E84DA6800C907B2 /* LaunchScreen.storyboard */,
				673EB7771E84DA6800C907B2 /* Info.plist */,
				673EB77D1E84DA9A00C907B2 /* GoogleService-Info.plist */,
			);
			path = WatchGetPay;
			sourceTree = "<group>";
		};
		673EB7831E85190C00C907B2 /* Database */ = {
			isa = PBXGroup;
			children = (
				673EB7811E85118F00C907B2 /* Firebase.swift */,
				673EB77F1E8508E500C907B2 /* Database.swift */,
			);
			name = Database;
			sourceTree = "<group>";
		};
		71CB884B47593D9B5696DA58 /* Pods */ = {
			isa = PBXGroup;
			children = (
				1AC730035BFA2916A39D079C /* Pods-WatchGetPay.debug.xcconfig */,
				D92FA3C23CE55D21544236F1 /* Pods-WatchGetPay.release.xcconfig */,
			);
			name = Pods;
			sourceTree = "<group>";
		};
		B19E2481FE2567D7815E78E5 /* Frameworks */ = {
			isa = PBXGroup;
			children = (
				673236DE1E85431200BE0B1C /* AdSupport.framework */,
				3A94939D1957D09E1D96939A /* Pods_WatchGetPay.framework */,
			);
			name = Frameworks;
			sourceTree = "<group>";
		};
/* End PBXGroup section */

/* Begin PBXNativeTarget section */
		673EB7671E84DA6800C907B2 /* WatchGetPay */ = {
			isa = PBXNativeTarget;
			buildConfigurationList = 673EB77A1E84DA6800C907B2 /* Build configuration list for PBXNativeTarget "WatchGetPay" */;
			buildPhases = (
				D967426078D4934E0EB93EFC /* [CP] Check Pods Manifest.lock */,
				673EB7641E84DA6800C907B2 /* Sources */,
				673EB7651E84DA6800C907B2 /* Frameworks */,
				673EB7661E84DA6800C907B2 /* Resources */,
				48FEB0F115E0D240F2C20242 /* [CP] Embed Pods Frameworks */,
				271D64E373E4912186B97E67 /* [CP] Copy Pods Resources */,
			);
			buildRules = (
			);
			dependencies = (
			);
			name = WatchGetPay;
			productName = WatchGetPay;
			productReference = 673EB7681E84DA6800C907B2 /* WatchGetPay.app */;
			productType = "com.apple.product-type.application";
		};
/* End PBXNativeTarget section */

/* Begin PBXProject section */
		673EB7601E84DA6800C907B2 /* Project object */ = {
			isa = PBXProject;
			attributes = {
				LastSwiftUpdateCheck = 0820;
				LastUpgradeCheck = 0820;
				ORGANIZATIONNAME = "Chi Hon Law";
				TargetAttributes = {
					673EB7671E84DA6800C907B2 = {
						CreatedOnToolsVersion = 8.2.1;
						DevelopmentTeam = NQTW4CBNTU;
						ProvisioningStyle = Automatic;
					};
				};
			};
			buildConfigurationList = 673EB7631E84DA6800C907B2 /* Build configuration list for PBXProject "WatchGetPay" */;
			compatibilityVersion = "Xcode 3.2";
			developmentRegion = English;
			hasScannedForEncodings = 0;
			knownRegions = (
				en,
				Base,
			);
			mainGroup = 673EB75F1E84DA6800C907B2;
			productRefGroup = 673EB7691E84DA6800C907B2 /* Products */;
			projectDirPath = "";
			projectRoot = "";
			targets = (
				673EB7671E84DA6800C907B2 /* WatchGetPay */,
			);
		};
/* End PBXProject section */

/* Begin PBXResourcesBuildPhase section */
		673EB7661E84DA6800C907B2 /* Resources */ = {
			isa = PBXResourcesBuildPhase;
			buildActionMask = 2147483647;
			files = (
				673EB7761E84DA6800C907B2 /* LaunchScreen.storyboard in Resources */,
				673EB77E1E84DA9A00C907B2 /* GoogleService-Info.plist in Resources */,
				673EB7731E84DA6800C907B2 /* Assets.xcassets in Resources */,
				673EB7711E84DA6800C907B2 /* Main.storyboard in Resources */,
			);
			runOnlyForDeploymentPostprocessing = 0;
		};
/* End PBXResourcesBuildPhase section */

/* Begin PBXShellScriptBuildPhase section */
		271D64E373E4912186B97E67 /* [CP] Copy Pods Resources */ = {
			isa = PBXShellScriptBuildPhase;
			buildActionMask = 2147483647;
			files = (
			);
			inputPaths = (
			);
			name = "[CP] Copy Pods Resources";
			outputPaths = (
			);
			runOnlyForDeploymentPostprocessing = 0;
			shellPath = /bin/sh;
			shellScript = "\"${SRCROOT}/Pods/Target Support Files/Pods-WatchGetPay/Pods-WatchGetPay-resources.sh\"\n";
			showEnvVarsInLog = 0;
		};
		48FEB0F115E0D240F2C20242 /* [CP] Embed Pods Frameworks */ = {
			isa = PBXShellScriptBuildPhase;
			buildActionMask = 2147483647;
			files = (
			);
			inputPaths = (
			);
			name = "[CP] Embed Pods Frameworks";
			outputPaths = (
			);
			runOnlyForDeploymentPostprocessing = 0;
			shellPath = /bin/sh;
			shellScript = "\"${SRCROOT}/Pods/Target Support Files/Pods-WatchGetPay/Pods-WatchGetPay-frameworks.sh\"\n";
			showEnvVarsInLog = 0;
		};
		D967426078D4934E0EB93EFC /* [CP] Check Pods Manifest.lock */ = {
			isa = PBXShellScriptBuildPhase;
			buildActionMask = 2147483647;
			files = (
			);
			inputPaths = (
			);
			name = "[CP] Check Pods Manifest.lock";
			outputPaths = (
			);
			runOnlyForDeploymentPostprocessing = 0;
			shellPath = /bin/sh;
			shellScript = "diff \"${PODS_ROOT}/../Podfile.lock\" \"${PODS_ROOT}/Manifest.lock\" > /dev/null\nif [ $? != 0 ] ; then\n    # print error to STDERR\n    echo \"error: The sandbox is not in sync with the Podfile.lock. Run 'pod install' or update your CocoaPods installation.\" >&2\n    exit 1\nfi\n";
			showEnvVarsInLog = 0;
		};
/* End PBXShellScriptBuildPhase section */

/* Begin PBXSourcesBuildPhase section */
		673EB7641E84DA6800C907B2 /* Sources */ = {
			isa = PBXSourcesBuildPhase;
			buildActionMask = 2147483647;
			files = (
				673EB7871E85196300C907B2 /* LoginViewController.swift in Sources */,
				673EB7801E8508E500C907B2 /* Database.swift in Sources */,
				673EB76E1E84DA6800C907B2 /* ViewController.swift in Sources */,
				673EB7821E85118F00C907B2 /* Firebase.swift in Sources */,
				673EB76C1E84DA6800C907B2 /* AppDelegate.swift in Sources */,
				673236D71E85277D00BE0B1C /* ErrorAlert.swift in Sources */,
				673236E11E85552500BE0B1C /* VideoViewController.swift in Sources */,
				673236DC1E853C2A00BE0B1C /* AuthorizeViewController.swift in Sources */,
				673EB7851E85194400C907B2 /* SignUpViewController.swift in Sources */,
				673EB7891E851B3700C907B2 /* User.swift in Sources */,
				673236DA1E85323C00BE0B1C /* LoadingProgress.swift in Sources */,
			);
			runOnlyForDeploymentPostprocessing = 0;
		};
/* End PBXSourcesBuildPhase section */

/* Begin PBXVariantGroup section */
		673EB76F1E84DA6800C907B2 /* Main.storyboard */ = {
			isa = PBXVariantGroup;
			children = (
				673EB7701E84DA6800C907B2 /* Base */,
			);
			name = Main.storyboard;
			sourceTree = "<group>";
		};
		673EB7741E84DA6800C907B2 /* LaunchScreen.storyboard */ = {
			isa = PBXVariantGroup;
			children = (
				673EB7751E84DA6800C907B2 /* Base */,
			);
			name = LaunchScreen.storyboard;
			sourceTree = "<group>";
		};
/* End PBXVariantGroup section */

/* Begin XCBuildConfiguration section */
		673EB7781E84DA6800C907B2 /* Debug */ = {
			isa = XCBuildConfiguration;
			buildSettings = {
				ALWAYS_SEARCH_USER_PATHS = NO;
				CLANG_ANALYZER_NONNULL = YES;
				CLANG_CXX_LANGUAGE_STANDARD = "gnu++0x";
				CLANG_CXX_LIBRARY = "libc++";
				CLANG_ENABLE_MODULES = YES;
				CLANG_ENABLE_OBJC_ARC = YES;
				CLANG_WARN_BOOL_CONVERSION = YES;
				CLANG_WARN_CONSTANT_CONVERSION = YES;
				CLANG_WARN_DIRECT_OBJC_ISA_USAGE = YES_ERROR;
				CLANG_WARN_DOCUMENTATION_COMMENTS = YES;
				CLANG_WARN_EMPTY_BODY = YES;
				CLANG_WARN_ENUM_CONVERSION = YES;
				CLANG_WARN_INFINITE_RECURSION = YES;
				CLANG_WARN_INT_CONVERSION = YES;
				CLANG_WARN_OBJC_ROOT_CLASS = YES_ERROR;
				CLANG_WARN_SUSPICIOUS_MOVE = YES;
				CLANG_WARN_UNREACHABLE_CODE = YES;
				CLANG_WARN__DUPLICATE_METHOD_MATCH = YES;
				"CODE_SIGN_IDENTITY[sdk=iphoneos*]" = "iPhone Developer";
				COPY_PHASE_STRIP = NO;
				DEBUG_INFORMATION_FORMAT = dwarf;
				ENABLE_STRICT_OBJC_MSGSEND = YES;
				ENABLE_TESTABILITY = YES;
				GCC_C_LANGUAGE_STANDARD = gnu99;
				GCC_DYNAMIC_NO_PIC = NO;
				GCC_NO_COMMON_BLOCKS = YES;
				GCC_OPTIMIZATION_LEVEL = 0;
				GCC_PREPROCESSOR_DEFINITIONS = (
					"DEBUG=1",
					"$(inherited)",
				);
				GCC_WARN_64_TO_32_BIT_CONVERSION = YES;
				GCC_WARN_ABOUT_RETURN_TYPE = YES_ERROR;
				GCC_WARN_UNDECLARED_SELECTOR = YES;
				GCC_WARN_UNINITIALIZED_AUTOS = YES_AGGRESSIVE;
				GCC_WARN_UNUSED_FUNCTION = YES;
				GCC_WARN_UNUSED_VARIABLE = YES;
				IPHONEOS_DEPLOYMENT_TARGET = 10.2;
				MTL_ENABLE_DEBUG_INFO = YES;
				ONLY_ACTIVE_ARCH = YES;
				SDKROOT = iphoneos;
				SWIFT_ACTIVE_COMPILATION_CONDITIONS = DEBUG;
				SWIFT_OPTIMIZATION_LEVEL = "-Onone";
				TARGETED_DEVICE_FAMILY = "1,2";
			};
			name = Debug;
		};
		673EB7791E84DA6800C907B2 /* Release */ = {
			isa = XCBuildConfiguration;
			buildSettings = {
				ALWAYS_SEARCH_USER_PATHS = NO;
				CLANG_ANALYZER_NONNULL = YES;
				CLANG_CXX_LANGUAGE_STANDARD = "gnu++0x";
				CLANG_CXX_LIBRARY = "libc++";
				CLANG_ENABLE_MODULES = YES;
				CLANG_ENABLE_OBJC_ARC = YES;
				CLANG_WARN_BOOL_CONVERSION = YES;
				CLANG_WARN_CONSTANT_CONVERSION = YES;
				CLANG_WARN_DIRECT_OBJC_ISA_USAGE = YES_ERROR;
				CLANG_WARN_DOCUMENTATION_COMMENTS = YES;
				CLANG_WARN_EMPTY_BODY = YES;
				CLANG_WARN_ENUM_CONVERSION = YES;
				CLANG_WARN_INFINITE_RECURSION = YES;
				CLANG_WARN_INT_CONVERSION = YES;
				CLANG_WARN_OBJC_ROOT_CLASS = YES_ERROR;
				CLANG_WARN_SUSPICIOUS_MOVE = YES;
				CLANG_WARN_UNREACHABLE_CODE = YES;
				CLANG_WARN__DUPLICATE_METHOD_MATCH = YES;
				"CODE_SIGN_IDENTITY[sdk=iphoneos*]" = "iPhone Developer";
				COPY_PHASE_STRIP = NO;
				DEBUG_INFORMATION_FORMAT = "dwarf-with-dsym";
				ENABLE_NS_ASSERTIONS = NO;
				ENABLE_STRICT_OBJC_MSGSEND = YES;
				GCC_C_LANGUAGE_STANDARD = gnu99;
				GCC_NO_COMMON_BLOCKS = YES;
				GCC_WARN_64_TO_32_BIT_CONVERSION = YES;
				GCC_WARN_ABOUT_RETURN_TYPE = YES_ERROR;
				GCC_WARN_UNDECLARED_SELECTOR = YES;
				GCC_WARN_UNINITIALIZED_AUTOS = YES_AGGRESSIVE;
				GCC_WARN_UNUSED_FUNCTION = YES;
				GCC_WARN_UNUSED_VARIABLE = YES;
				IPHONEOS_DEPLOYMENT_TARGET = 10.2;
				MTL_ENABLE_DEBUG_INFO = NO;
				SDKROOT = iphoneos;
				SWIFT_OPTIMIZATION_LEVEL = "-Owholemodule";
				TARGETED_DEVICE_FAMILY = "1,2";
				VALIDATE_PRODUCT = YES;
			};
			name = Release;
		};
		673EB77B1E84DA6800C907B2 /* Debug */ = {
			isa = XCBuildConfiguration;
			baseConfigurationReference = 1AC730035BFA2916A39D079C /* Pods-WatchGetPay.debug.xcconfig */;
			buildSettings = {
				ASSETCATALOG_COMPILER_APPICON_NAME = AppIcon;
				"CODE_SIGN_IDENTITY[sdk=iphoneos*]" = "iPhone Developer";
				DEVELOPMENT_TEAM = NQTW4CBNTU;
				INFOPLIST_FILE = WatchGetPay/Info.plist;
				LD_RUNPATH_SEARCH_PATHS = "$(inherited) @executable_path/Frameworks";
				PRODUCT_BUNDLE_IDENTIFIER = lawchihon.WatchGetPay;
				PRODUCT_NAME = "$(TARGET_NAME)";
				SWIFT_VERSION = 3.0;
			};
			name = Debug;
		};
		673EB77C1E84DA6800C907B2 /* Release */ = {
			isa = XCBuildConfiguration;
			baseConfigurationReference = D92FA3C23CE55D21544236F1 /* Pods-WatchGetPay.release.xcconfig */;
			buildSettings = {
				ASSETCATALOG_COMPILER_APPICON_NAME = AppIcon;
				"CODE_SIGN_IDENTITY[sdk=iphoneos*]" = "iPhone Developer";
				DEVELOPMENT_TEAM = NQTW4CBNTU;
				INFOPLIST_FILE = WatchGetPay/Info.plist;
				LD_RUNPATH_SEARCH_PATHS = "$(inherited) @executable_path/Frameworks";
				PRODUCT_BUNDLE_IDENTIFIER = lawchihon.WatchGetPay;
				PRODUCT_NAME = "$(TARGET_NAME)";
				SWIFT_VERSION = 3.0;
			};
			name = Release;
		};
/* End XCBuildConfiguration section */

/* Begin XCConfigurationList section */
		673EB7631E84DA6800C907B2 /* Build configuration list for PBXProject "WatchGetPay" */ = {
			isa = XCConfigurationList;
			buildConfigurations = (
				673EB7781E84DA6800C907B2 /* Debug */,
				673EB7791E84DA6800C907B2 /* Release */,
			);
			defaultConfigurationIsVisible = 0;
			defaultConfigurationName = Release;
		};
		673EB77A1E84DA6800C907B2 /* Build configuration list for PBXNativeTarget "WatchGetPay" */ = {
			isa = XCConfigurationList;
			buildConfigurations = (
				673EB77B1E84DA6800C907B2 /* Debug */,
				673EB77C1E84DA6800C907B2 /* Release */,
			);
			defaultConfigurationIsVisible = 0;
			defaultConfigurationName = Release;
		};
/* End XCConfigurationList section */
	};
	rootObject = 673EB7601E84DA6800C907B2 /* Project object */;
}
